
Microsoft Visual Studio Solution File, Format Version 12.00
# Visual Studio Version 17
VisualStudioVersion = 17.3.32825.248
MinimumVisualStudioVersion = 10.0.40219.1
Project("{FAE04EC0-301F-11D3-BF4B-00C04F79EFBC}") = "3--1", "3--1\3--1.csproj", "{86334829-D5CC-4030-8857-9462D49ED211}"
EndProject
Global
	GlobalSection(SolutionConfigurationPlatforms) = preSolution
		Debug|Any CPU = Debug|Any CPU
		Release|Any CPU = Release|Any CPU
	EndGlobalSection
	GlobalSection(ProjectConfigurationPlatforms) = postSolution
		{86334829-D5CC-4030-8857-9462D49ED211}.Debug|Any CPU.ActiveCfg = Debug|Any CPU
		{86334829-D5CC-4030-8857-9462D49ED211}.Debug|Any CPU.Build.0 = Debug|Any CPU
		{86334829-D5CC-4030-8857-9462D49ED211}.Release|Any CPU.ActiveCfg = Release|Any CPU
		{86334829-D5CC-4030-8857-9462D49ED211}.Release|Any CPU.Build.0 = Release|Any CPU
	EndGlobalSection
	GlobalSection(SolutionProperties) = preSolution
		HideSolutionNode = FALSE
	EndGlobalSection
	GlobalSection(ExtensibilityGlobals) = postSolution
		SolutionGuid = {B133D4E1-8164-4E0D-955C-4542DC04EB53}
	EndGlobalSection
EndGlobal
